// !$*UTF8*$!
{
	archiveVersion = 1;
	classes = {
	};
	objectVersion = 52;
	objects = {

/* Begin PBXBuildFile section */
		6513CAAB2360A56E00B44A99 /* UIGradientView.swift in Sources */ = {isa = PBXBuildFile; fileRef = 6513CAAA2360A56E00B44A99 /* UIGradientView.swift */; };
		6513CAAE2360A7FA00B44A99 /* UIBoldLabel.swift in Sources */ = {isa = PBXBuildFile; fileRef = 6513CAAD2360A7FA00B44A99 /* UIBoldLabel.swift */; };
		6513CAB42360AB1F00B44A99 /* NotoSansCJKkr-Bold.otf in Resources */ = {isa = PBXBuildFile; fileRef = 6513CAA62360A10E00B44A99 /* NotoSansCJKkr-Bold.otf */; };
		6513CAB52360AB1F00B44A99 /* NotoSansCJKkr-Medium.otf in Resources */ = {isa = PBXBuildFile; fileRef = 6513CAA52360A10D00B44A99 /* NotoSansCJKkr-Medium.otf */; };
		6513CAB62360AB1F00B44A99 /* NotoSansCJKkr-Regular.otf in Resources */ = {isa = PBXBuildFile; fileRef = 6513CAA42360A10A00B44A99 /* NotoSansCJKkr-Regular.otf */; };
		6513CAB72360AB1F00B44A99 /* Odin Rounded - Bold.otf in Resources */ = {isa = PBXBuildFile; fileRef = 6513CAA72360A2A900B44A99 /* Odin Rounded - Bold.otf */; };
		6513CAB82360AB1F00B44A99 /* NotoSansCJKkr-DemiLight.otf in Resources */ = {isa = PBXBuildFile; fileRef = 652C1258235E161800B6255E /* NotoSansCJKkr-DemiLight.otf */; };
		6513CABB2360AE1D00B44A99 /* FontManager.swift in Sources */ = {isa = PBXBuildFile; fileRef = 6513CABA2360AE1D00B44A99 /* FontManager.swift */; };
		651502FA23421AC100FADDEF /* Main.storyboard in Resources */ = {isa = PBXBuildFile; fileRef = 651502F923421AC100FADDEF /* Main.storyboard */; };
		6533806B232E70A00031C423 /* AppDelegate.swift in Sources */ = {isa = PBXBuildFile; fileRef = 6533806A232E70A00031C423 /* AppDelegate.swift */; };
		65338072232E70A10031C423 /* Assets.xcassets in Resources */ = {isa = PBXBuildFile; fileRef = 65338071232E70A10031C423 /* Assets.xcassets */; };
		65338075232E70A10031C423 /* LaunchScreen.storyboard in Resources */ = {isa = PBXBuildFile; fileRef = 65338073232E70A10031C423 /* LaunchScreen.storyboard */; };
		65626905233A654D00227CDF /* ActiveButton.swift in Sources */ = {isa = PBXBuildFile; fileRef = 65626904233A654D00227CDF /* ActiveButton.swift */; };
		657684CE23375C8800316165 /* Signup.storyboard in Resources */ = {isa = PBXBuildFile; fileRef = 657684CD23375C8800316165 /* Signup.storyboard */; };
		657684D223375DAC00316165 /* ColorManager.swift in Sources */ = {isa = PBXBuildFile; fileRef = 657684D123375DAC00316165 /* ColorManager.swift */; };
		65784BF823450EB000480445 /* DetailView.xib in Resources */ = {isa = PBXBuildFile; fileRef = 65784BF723450EB000480445 /* DetailView.xib */; };
		65B4CF2123643AA3004EE79C /* PTJCollectionViewCell.swift in Sources */ = {isa = PBXBuildFile; fileRef = 65B4CF1F23643AA3004EE79C /* PTJCollectionViewCell.swift */; };
		65B4CF2223643AA3004EE79C /* PTJCollectionViewCell.xib in Resources */ = {isa = PBXBuildFile; fileRef = 65B4CF2023643AA3004EE79C /* PTJCollectionViewCell.xib */; };
		65B4CF2623643D2D004EE79C /* PTJTableViewCell.swift in Sources */ = {isa = PBXBuildFile; fileRef = 65B4CF2423643D2D004EE79C /* PTJTableViewCell.swift */; };
		65B4CF2723643D2D004EE79C /* PTJTableViewCell.xib in Resources */ = {isa = PBXBuildFile; fileRef = 65B4CF2523643D2D004EE79C /* PTJTableViewCell.xib */; };
		65B897412340FA4100796244 /* RoundTextField.swift in Sources */ = {isa = PBXBuildFile; fileRef = 65B897402340FA4100796244 /* RoundTextField.swift */; };
		65CF225D233E3E0C00623D10 /* TitleTextField.swift in Sources */ = {isa = PBXBuildFile; fileRef = 65CF225C233E3E0C00623D10 /* TitleTextField.swift */; };
		65D2307D233D090400222320 /* SNSLoginButton.swift in Sources */ = {isa = PBXBuildFile; fileRef = 65D2307C233D090400222320 /* SNSLoginButton.swift */; };
		65E19CDE2349CB6C00C014EE /* MainViewController.swift in Sources */ = {isa = PBXBuildFile; fileRef = 65E19CDD2349CB6C00C014EE /* MainViewController.swift */; };
		65EC5F59236474300074256A /* CategoryButton.swift in Sources */ = {isa = PBXBuildFile; fileRef = 65EC5F58236474300074256A /* CategoryButton.swift */; };
		6553330F2369DD28000EFC65 /* Apply.swift in Sources */ = {isa = PBXBuildFile; fileRef = 6553330B2369DD28000EFC65 /* Apply.swift */; };
		655333102369DD28000EFC65 /* User.swift in Sources */ = {isa = PBXBuildFile; fileRef = 6553330C2369DD28000EFC65 /* User.swift */; };
		655333112369DD28000EFC65 /* Career.swift in Sources */ = {isa = PBXBuildFile; fileRef = 6553330D2369DD28000EFC65 /* Career.swift */; };
		655333122369DD28000EFC65 /* Post.swift in Sources */ = {isa = PBXBuildFile; fileRef = 6553330E2369DD28000EFC65 /* Post.swift */; };
		65853637232FD5A70041E959 /* Alamofire in Frameworks */ = {isa = PBXBuildFile; productRef = 65853636232FD5A70041E959 /* Alamofire */; };
		659C8351233123B50062D62D /* SDWebImage in Frameworks */ = {isa = PBXBuildFile; productRef = 659C8350233123B50062D62D /* SDWebImage */; };
/* End PBXBuildFile section */

/* Begin PBXFileReference section */
		6513CAA42360A10A00B44A99 /* NotoSansCJKkr-Regular.otf */ = {isa = PBXFileReference; lastKnownFileType = file; path = "NotoSansCJKkr-Regular.otf"; sourceTree = "<group>"; };
		6513CAA52360A10D00B44A99 /* NotoSansCJKkr-Medium.otf */ = {isa = PBXFileReference; lastKnownFileType = file; path = "NotoSansCJKkr-Medium.otf"; sourceTree = "<group>"; };
		6513CAA62360A10E00B44A99 /* NotoSansCJKkr-Bold.otf */ = {isa = PBXFileReference; lastKnownFileType = file; path = "NotoSansCJKkr-Bold.otf"; sourceTree = "<group>"; };
		6513CAA72360A2A900B44A99 /* Odin Rounded - Bold.otf */ = {isa = PBXFileReference; lastKnownFileType = file; path = "Odin Rounded - Bold.otf"; sourceTree = "<group>"; };
		6513CAAA2360A56E00B44A99 /* UIGradientView.swift */ = {isa = PBXFileReference; lastKnownFileType = sourcecode.swift; path = UIGradientView.swift; sourceTree = "<group>"; };
		6513CAAD2360A7FA00B44A99 /* UIBoldLabel.swift */ = {isa = PBXFileReference; lastKnownFileType = sourcecode.swift; path = UIBoldLabel.swift; sourceTree = "<group>"; };
		6513CABA2360AE1D00B44A99 /* FontManager.swift */ = {isa = PBXFileReference; lastKnownFileType = sourcecode.swift; path = FontManager.swift; sourceTree = "<group>"; };
		651502F923421AC100FADDEF /* Main.storyboard */ = {isa = PBXFileReference; lastKnownFileType = file.storyboard; path = Main.storyboard; sourceTree = "<group>"; };
		652C1258235E161800B6255E /* NotoSansCJKkr-DemiLight.otf */ = {isa = PBXFileReference; lastKnownFileType = file; path = "NotoSansCJKkr-DemiLight.otf"; sourceTree = "<group>"; };
		65338067232E70A00031C423 /* Covey-iOS.app */ = {isa = PBXFileReference; explicitFileType = wrapper.application; includeInIndex = 0; path = "Covey-iOS.app"; sourceTree = BUILT_PRODUCTS_DIR; };
		6533806A232E70A00031C423 /* AppDelegate.swift */ = {isa = PBXFileReference; lastKnownFileType = sourcecode.swift; path = AppDelegate.swift; sourceTree = "<group>"; };
		65338071232E70A10031C423 /* Assets.xcassets */ = {isa = PBXFileReference; lastKnownFileType = folder.assetcatalog; path = Assets.xcassets; sourceTree = "<group>"; };
		65338074232E70A10031C423 /* Base */ = {isa = PBXFileReference; lastKnownFileType = file.storyboard; name = Base; path = Base.lproj/LaunchScreen.storyboard; sourceTree = "<group>"; };
		65338076232E70A10031C423 /* Info.plist */ = {isa = PBXFileReference; lastKnownFileType = text.plist.xml; path = Info.plist; sourceTree = "<group>"; };
		65626904233A654D00227CDF /* ActiveButton.swift */ = {isa = PBXFileReference; lastKnownFileType = sourcecode.swift; path = ActiveButton.swift; sourceTree = "<group>"; };
		657684CD23375C8800316165 /* Signup.storyboard */ = {isa = PBXFileReference; lastKnownFileType = file.storyboard; path = Signup.storyboard; sourceTree = "<group>"; };
		657684D123375DAC00316165 /* ColorManager.swift */ = {isa = PBXFileReference; lastKnownFileType = sourcecode.swift; path = ColorManager.swift; sourceTree = "<group>"; };
		65784BF723450EB000480445 /* DetailView.xib */ = {isa = PBXFileReference; lastKnownFileType = file.xib; path = DetailView.xib; sourceTree = "<group>"; };
		65B4CF1F23643AA3004EE79C /* PTJCollectionViewCell.swift */ = {isa = PBXFileReference; lastKnownFileType = sourcecode.swift; path = PTJCollectionViewCell.swift; sourceTree = "<group>"; };
		65B4CF2023643AA3004EE79C /* PTJCollectionViewCell.xib */ = {isa = PBXFileReference; lastKnownFileType = file.xib; path = PTJCollectionViewCell.xib; sourceTree = "<group>"; };
		65B4CF2423643D2D004EE79C /* PTJTableViewCell.swift */ = {isa = PBXFileReference; lastKnownFileType = sourcecode.swift; path = PTJTableViewCell.swift; sourceTree = "<group>"; };
		65B4CF2523643D2D004EE79C /* PTJTableViewCell.xib */ = {isa = PBXFileReference; lastKnownFileType = file.xib; path = PTJTableViewCell.xib; sourceTree = "<group>"; };
		65B897402340FA4100796244 /* RoundTextField.swift */ = {isa = PBXFileReference; lastKnownFileType = sourcecode.swift; path = RoundTextField.swift; sourceTree = "<group>"; };
		65CF225C233E3E0C00623D10 /* TitleTextField.swift */ = {isa = PBXFileReference; lastKnownFileType = sourcecode.swift; path = TitleTextField.swift; sourceTree = "<group>"; };
		65D2307C233D090400222320 /* SNSLoginButton.swift */ = {isa = PBXFileReference; lastKnownFileType = sourcecode.swift; path = SNSLoginButton.swift; sourceTree = "<group>"; };
		65E19CDD2349CB6C00C014EE /* MainViewController.swift */ = {isa = PBXFileReference; lastKnownFileType = sourcecode.swift; path = MainViewController.swift; sourceTree = "<group>"; };
		65EC5F58236474300074256A /* CategoryButton.swift */ = {isa = PBXFileReference; lastKnownFileType = sourcecode.swift; path = CategoryButton.swift; sourceTree = "<group>"; };
		6553330B2369DD28000EFC65 /* Apply.swift */ = {isa = PBXFileReference; fileEncoding = 4; lastKnownFileType = sourcecode.swift; path = Apply.swift; sourceTree = "<group>"; };
		6553330C2369DD28000EFC65 /* User.swift */ = {isa = PBXFileReference; fileEncoding = 4; lastKnownFileType = sourcecode.swift; path = User.swift; sourceTree = "<group>"; };
		6553330D2369DD28000EFC65 /* Career.swift */ = {isa = PBXFileReference; fileEncoding = 4; lastKnownFileType = sourcecode.swift; path = Career.swift; sourceTree = "<group>"; };
		6553330E2369DD28000EFC65 /* Post.swift */ = {isa = PBXFileReference; fileEncoding = 4; lastKnownFileType = sourcecode.swift; path = Post.swift; sourceTree = "<group>"; };
/* End PBXFileReference section */

/* Begin PBXFrameworksBuildPhase section */
		65338064232E70A00031C423 /* Frameworks */ = {
			isa = PBXFrameworksBuildPhase;
			buildActionMask = 2147483647;
			files = (
				659C8351233123B50062D62D /* SDWebImage in Frameworks */,
				65853637232FD5A70041E959 /* Alamofire in Frameworks */,
			);
			runOnlyForDeploymentPostprocessing = 0;
		};
/* End PBXFrameworksBuildPhase section */

/* Begin PBXGroup section */
		6513CAA82360A53800B44A99 /* ExtensionComponent */ = {
			isa = PBXGroup;
			children = (
				65EC5F57236473C90074256A /* CategoryButton */,
				6513CAAC2360A7DE00B44A99 /* UIBoldLabel */,
				6513CAA92360A54200B44A99 /* UIGradientView */,
			);
			path = ExtensionComponent;
			sourceTree = "<group>";
		};
		6513CAA92360A54200B44A99 /* UIGradientView */ = {
			isa = PBXGroup;
			children = (
				6513CAAA2360A56E00B44A99 /* UIGradientView.swift */,
			);
			path = UIGradientView;
			sourceTree = "<group>";
		};
		6513CAAC2360A7DE00B44A99 /* UIBoldLabel */ = {
			isa = PBXGroup;
			children = (
				6513CAAD2360A7FA00B44A99 /* UIBoldLabel.swift */,
			);
			path = UIBoldLabel;
			sourceTree = "<group>";
		};
		6513CAB92360AE1500B44A99 /* Module */ = {
			isa = PBXGroup;
			children = (
				6513CABA2360AE1D00B44A99 /* FontManager.swift */,
			);
			path = Module;
			sourceTree = "<group>";
		};
		6533805E232E70A00031C423 = {
			isa = PBXGroup;
			children = (
				65338069232E70A00031C423 /* Covey-iOS */,
				65338068232E70A00031C423 /* Products */,
			);
			sourceTree = "<group>";
		};
		65338068232E70A00031C423 /* Products */ = {
			isa = PBXGroup;
			children = (
				65338067232E70A00031C423 /* Covey-iOS.app */,
			);
			name = Products;
			sourceTree = "<group>";
		};
		65338069232E70A00031C423 /* Covey-iOS */ = {
			isa = PBXGroup;
			children = (
				6513CAB92360AE1500B44A99 /* Module */,
				657684D023375D9F00316165 /* Resource */,
				657684CF23375CD900316165 /* CustomComponent */,
				657684CA23375B6200316165 /* View */,
				6553330A2369DD28000EFC65 /* Model */,
				6533806A232E70A00031C423 /* AppDelegate.swift */,
				65338071232E70A10031C423 /* Assets.xcassets */,
				65338073232E70A10031C423 /* LaunchScreen.storyboard */,
				65338076232E70A10031C423 /* Info.plist */,
			);
			path = "Covey-iOS";
			sourceTree = "<group>";
		};
		65626903233A64E100227CDF /* ActiveButton */ = {
			isa = PBXGroup;
			children = (
				65626904233A654D00227CDF /* ActiveButton.swift */,
			);
			path = ActiveButton;
			sourceTree = "<group>";
		};
		657684CA23375B6200316165 /* View */ = {
			isa = PBXGroup;
			children = (
				65B4CF2323643D0E004EE79C /* TableViewCell */,
				65B4CF1E2364397C004EE79C /* CollectionViewCell */,
				65784BF623450E1E00480445 /* DetailView */,
				657684CC23375B7000316165 /* Main */,
				657684CB23375B6900316165 /* Signup */,
			);
			path = View;
			sourceTree = "<group>";
		};
		657684CB23375B6900316165 /* Signup */ = {
			isa = PBXGroup;
			children = (
				657684CD23375C8800316165 /* Signup.storyboard */,
			);
			path = Signup;
			sourceTree = "<group>";
		};
		657684CC23375B7000316165 /* Main */ = {
			isa = PBXGroup;
			children = (
				651502F923421AC100FADDEF /* Main.storyboard */,
				65E19CDD2349CB6C00C014EE /* MainViewController.swift */,
			);
			path = Main;
			sourceTree = "<group>";
		};
		657684CF23375CD900316165 /* CustomComponent */ = {
			isa = PBXGroup;
			children = (
				6513CAA82360A53800B44A99 /* ExtensionComponent */,
				65B8973F2340FA2900796244 /* RoundTextField */,
				65CF2259233E3C2100623D10 /* TitleTextField */,
				65D2307B233D08F000222320 /* SNSLoginButton */,
				65626903233A64E100227CDF /* ActiveButton */,
			);
			path = CustomComponent;
			sourceTree = "<group>";
		};
		657684D023375D9F00316165 /* Resource */ = {
			isa = PBXGroup;
			children = (
				6513CAA62360A10E00B44A99 /* NotoSansCJKkr-Bold.otf */,
				6513CAA52360A10D00B44A99 /* NotoSansCJKkr-Medium.otf */,
				6513CAA42360A10A00B44A99 /* NotoSansCJKkr-Regular.otf */,
				6513CAA72360A2A900B44A99 /* Odin Rounded - Bold.otf */,
				652C1258235E161800B6255E /* NotoSansCJKkr-DemiLight.otf */,
				657684D123375DAC00316165 /* ColorManager.swift */,
			);
			path = Resource;
			sourceTree = "<group>";
		};
		65784BF623450E1E00480445 /* DetailView */ = {
			isa = PBXGroup;
			children = (
				65784BF723450EB000480445 /* DetailView.xib */,
			);
			path = DetailView;
			sourceTree = "<group>";
		};
		65B4CF1E2364397C004EE79C /* CollectionViewCell */ = {
			isa = PBXGroup;
			children = (
				65B4CF1F23643AA3004EE79C /* PTJCollectionViewCell.swift */,
				65B4CF2023643AA3004EE79C /* PTJCollectionViewCell.xib */,
			);
			path = CollectionViewCell;
			sourceTree = "<group>";
		};
		65B4CF2323643D0E004EE79C /* TableViewCell */ = {
			isa = PBXGroup;
			children = (
				65B4CF2423643D2D004EE79C /* PTJTableViewCell.swift */,
				65B4CF2523643D2D004EE79C /* PTJTableViewCell.xib */,
			);
			path = TableViewCell;
			sourceTree = "<group>";
		};
		65B8973F2340FA2900796244 /* RoundTextField */ = {
			isa = PBXGroup;
			children = (
				65B897402340FA4100796244 /* RoundTextField.swift */,
			);
			path = RoundTextField;
			sourceTree = "<group>";
		};
		65CF2259233E3C2100623D10 /* TitleTextField */ = {
			isa = PBXGroup;
			children = (
				65CF225C233E3E0C00623D10 /* TitleTextField.swift */,
			);
			path = TitleTextField;
			sourceTree = "<group>";
		};
		65D2307B233D08F000222320 /* SNSLoginButton */ = {
			isa = PBXGroup;
			children = (
				65D2307C233D090400222320 /* SNSLoginButton.swift */,
			);
			path = SNSLoginButton;
			sourceTree = "<group>";
		};
		65EC5F57236473C90074256A /* CategoryButton */ = {
			isa = PBXGroup;
			children = (
				65EC5F58236474300074256A /* CategoryButton.swift */,
			);
			path = CategoryButton;
            sourceTree = "<group>";
        };
		6553330A2369DD28000EFC65 /* Model */ = {
			isa = PBXGroup;
			children = (
				6553330B2369DD28000EFC65 /* Apply.swift */,
				6553330C2369DD28000EFC65 /* User.swift */,
				6553330D2369DD28000EFC65 /* Career.swift */,
				6553330E2369DD28000EFC65 /* Post.swift */,
			);
			path = Model;
			sourceTree = "<group>";
		};
/* End PBXGroup section */

/* Begin PBXNativeTarget section */
		65338066232E70A00031C423 /* Covey-iOS */ = {
			isa = PBXNativeTarget;
			buildConfigurationList = 65338079232E70A10031C423 /* Build configuration list for PBXNativeTarget "Covey-iOS" */;
			buildPhases = (
				65338063232E70A00031C423 /* Sources */,
				65338064232E70A00031C423 /* Frameworks */,
				65338065232E70A00031C423 /* Resources */,
			);
			buildRules = (
			);
			dependencies = (
			);
			name = "Covey-iOS";
			packageProductDependencies = (
				65853636232FD5A70041E959 /* Alamofire */,
				659C8350233123B50062D62D /* SDWebImage */,
			);
			productName = "Covey-iOS";
			productReference = 65338067232E70A00031C423 /* Covey-iOS.app */;
			productType = "com.apple.product-type.application";
		};
/* End PBXNativeTarget section */

/* Begin PBXProject section */
		6533805F232E70A00031C423 /* Project object */ = {
			isa = PBXProject;
			attributes = {
				LastSwiftUpdateCheck = 1030;
				LastUpgradeCheck = 1030;
				ORGANIZATIONNAME = com.KakaoTocs.kr;
				TargetAttributes = {
					65338066232E70A00031C423 = {
						CreatedOnToolsVersion = 10.3;
					};
				};
			};
			buildConfigurationList = 65338062232E70A00031C423 /* Build configuration list for PBXProject "Covey-iOS" */;
			compatibilityVersion = "Xcode 9.3";
			developmentRegion = en;
			hasScannedForEncodings = 0;
			knownRegions = (
				en,
				Base,
			);
			mainGroup = 6533805E232E70A00031C423;
			packageReferences = (
				65853635232FD5A70041E959 /* XCRemoteSwiftPackageReference "Alamofire" */,
				659C834F233123B50062D62D /* XCRemoteSwiftPackageReference "SDWebImage" */,
			);
			productRefGroup = 65338068232E70A00031C423 /* Products */;
			projectDirPath = "";
			projectRoot = "";
			targets = (
				65338066232E70A00031C423 /* Covey-iOS */,
			);
		};
/* End PBXProject section */

/* Begin PBXResourcesBuildPhase section */
		65338065232E70A00031C423 /* Resources */ = {
			isa = PBXResourcesBuildPhase;
			buildActionMask = 2147483647;
			files = (
				6513CAB42360AB1F00B44A99 /* NotoSansCJKkr-Bold.otf in Resources */,
				6513CAB52360AB1F00B44A99 /* NotoSansCJKkr-Medium.otf in Resources */,
				6513CAB62360AB1F00B44A99 /* NotoSansCJKkr-Regular.otf in Resources */,
				6513CAB72360AB1F00B44A99 /* Odin Rounded - Bold.otf in Resources */,
				6513CAB82360AB1F00B44A99 /* NotoSansCJKkr-DemiLight.otf in Resources */,
				65338075232E70A10031C423 /* LaunchScreen.storyboard in Resources */,
				651502FA23421AC100FADDEF /* Main.storyboard in Resources */,
				65338072232E70A10031C423 /* Assets.xcassets in Resources */,
				65784BF823450EB000480445 /* DetailView.xib in Resources */,
				65B4CF2223643AA3004EE79C /* PTJCollectionViewCell.xib in Resources */,
				65B4CF2723643D2D004EE79C /* PTJTableViewCell.xib in Resources */,
				657684CE23375C8800316165 /* Signup.storyboard in Resources */,
			);
			runOnlyForDeploymentPostprocessing = 0;
		};
/* End PBXResourcesBuildPhase section */

/* Begin PBXSourcesBuildPhase section */
		65338063232E70A00031C423 /* Sources */ = {
			isa = PBXSourcesBuildPhase;
			buildActionMask = 2147483647;
			files = (
				6513CABB2360AE1D00B44A99 /* FontManager.swift in Sources */,
				65CF225D233E3E0C00623D10 /* TitleTextField.swift in Sources */,
				65B4CF2623643D2D004EE79C /* PTJTableViewCell.swift in Sources */,
				657684D223375DAC00316165 /* ColorManager.swift in Sources */,
				65626905233A654D00227CDF /* ActiveButton.swift in Sources */,
				65B897412340FA4100796244 /* RoundTextField.swift in Sources */,
				65EC5F59236474300074256A /* CategoryButton.swift in Sources */,
				65B4CF2123643AA3004EE79C /* PTJCollectionViewCell.swift in Sources */,
				6533806B232E70A00031C423 /* AppDelegate.swift in Sources */,
				65D2307D233D090400222320 /* SNSLoginButton.swift in Sources */,
				6513CAAB2360A56E00B44A99 /* UIGradientView.swift in Sources */,
				6513CAAE2360A7FA00B44A99 /* UIBoldLabel.swift in Sources */,
				65E19CDE2349CB6C00C014EE /* MainViewController.swift in Sources */,
				655333102369DD28000EFC65 /* User.swift in Sources */,
				6533806D232E70A00031C423 /* ViewController.swift in Sources */,
				6533806B232E70A00031C423 /* AppDelegate.swift in Sources */,
				655333122369DD28000EFC65 /* Post.swift in Sources */,
				6553330F2369DD28000EFC65 /* Apply.swift in Sources */,
				655333112369DD28000EFC65 /* Career.swift in Sources */,
			);
			runOnlyForDeploymentPostprocessing = 0;
		};
/* End PBXSourcesBuildPhase section */

/* Begin PBXVariantGroup section */
		65338073232E70A10031C423 /* LaunchScreen.storyboard */ = {
			isa = PBXVariantGroup;
			children = (
				65338074232E70A10031C423 /* Base */,
			);
			name = LaunchScreen.storyboard;
			sourceTree = "<group>";
		};
/* End PBXVariantGroup section */

/* Begin XCBuildConfiguration section */
		65338077232E70A10031C423 /* Debug */ = {
			isa = XCBuildConfiguration;
			buildSettings = {
				ALWAYS_SEARCH_USER_PATHS = NO;
				CLANG_ANALYZER_NONNULL = YES;
				CLANG_ANALYZER_NUMBER_OBJECT_CONVERSION = YES_AGGRESSIVE;
				CLANG_CXX_LANGUAGE_STANDARD = "gnu++14";
				CLANG_CXX_LIBRARY = "libc++";
				CLANG_ENABLE_MODULES = YES;
				CLANG_ENABLE_OBJC_ARC = YES;
				CLANG_ENABLE_OBJC_WEAK = YES;
				CLANG_WARN_BLOCK_CAPTURE_AUTORELEASING = YES;
				CLANG_WARN_BOOL_CONVERSION = YES;
				CLANG_WARN_COMMA = YES;
				CLANG_WARN_CONSTANT_CONVERSION = YES;
				CLANG_WARN_DEPRECATED_OBJC_IMPLEMENTATIONS = YES;
				CLANG_WARN_DIRECT_OBJC_ISA_USAGE = YES_ERROR;
				CLANG_WARN_DOCUMENTATION_COMMENTS = YES;
				CLANG_WARN_EMPTY_BODY = YES;
				CLANG_WARN_ENUM_CONVERSION = YES;
				CLANG_WARN_INFINITE_RECURSION = YES;
				CLANG_WARN_INT_CONVERSION = YES;
				CLANG_WARN_NON_LITERAL_NULL_CONVERSION = YES;
				CLANG_WARN_OBJC_IMPLICIT_RETAIN_SELF = YES;
				CLANG_WARN_OBJC_LITERAL_CONVERSION = YES;
				CLANG_WARN_OBJC_ROOT_CLASS = YES_ERROR;
				CLANG_WARN_RANGE_LOOP_ANALYSIS = YES;
				CLANG_WARN_STRICT_PROTOTYPES = YES;
				CLANG_WARN_SUSPICIOUS_MOVE = YES;
				CLANG_WARN_UNGUARDED_AVAILABILITY = YES_AGGRESSIVE;
				CLANG_WARN_UNREACHABLE_CODE = YES;
				CLANG_WARN__DUPLICATE_METHOD_MATCH = YES;
				CODE_SIGN_IDENTITY = "iPhone Developer";
				COPY_PHASE_STRIP = NO;
				DEBUG_INFORMATION_FORMAT = dwarf;
				ENABLE_STRICT_OBJC_MSGSEND = YES;
				ENABLE_TESTABILITY = YES;
				GCC_C_LANGUAGE_STANDARD = gnu11;
				GCC_DYNAMIC_NO_PIC = NO;
				GCC_NO_COMMON_BLOCKS = YES;
				GCC_OPTIMIZATION_LEVEL = 0;
				GCC_PREPROCESSOR_DEFINITIONS = (
					"DEBUG=1",
					"$(inherited)",
				);
				GCC_WARN_64_TO_32_BIT_CONVERSION = YES;
				GCC_WARN_ABOUT_RETURN_TYPE = YES_ERROR;
				GCC_WARN_UNDECLARED_SELECTOR = YES;
				GCC_WARN_UNINITIALIZED_AUTOS = YES_AGGRESSIVE;
				GCC_WARN_UNUSED_FUNCTION = YES;
				GCC_WARN_UNUSED_VARIABLE = YES;
				IPHONEOS_DEPLOYMENT_TARGET = 12.4;
				MTL_ENABLE_DEBUG_INFO = INCLUDE_SOURCE;
				MTL_FAST_MATH = YES;
				ONLY_ACTIVE_ARCH = YES;
				SDKROOT = iphoneos;
				SWIFT_ACTIVE_COMPILATION_CONDITIONS = DEBUG;
				SWIFT_OPTIMIZATION_LEVEL = "-Onone";
			};
			name = Debug;
		};
		65338078232E70A10031C423 /* Release */ = {
			isa = XCBuildConfiguration;
			buildSettings = {
				ALWAYS_SEARCH_USER_PATHS = NO;
				CLANG_ANALYZER_NONNULL = YES;
				CLANG_ANALYZER_NUMBER_OBJECT_CONVERSION = YES_AGGRESSIVE;
				CLANG_CXX_LANGUAGE_STANDARD = "gnu++14";
				CLANG_CXX_LIBRARY = "libc++";
				CLANG_ENABLE_MODULES = YES;
				CLANG_ENABLE_OBJC_ARC = YES;
				CLANG_ENABLE_OBJC_WEAK = YES;
				CLANG_WARN_BLOCK_CAPTURE_AUTORELEASING = YES;
				CLANG_WARN_BOOL_CONVERSION = YES;
				CLANG_WARN_COMMA = YES;
				CLANG_WARN_CONSTANT_CONVERSION = YES;
				CLANG_WARN_DEPRECATED_OBJC_IMPLEMENTATIONS = YES;
				CLANG_WARN_DIRECT_OBJC_ISA_USAGE = YES_ERROR;
				CLANG_WARN_DOCUMENTATION_COMMENTS = YES;
				CLANG_WARN_EMPTY_BODY = YES;
				CLANG_WARN_ENUM_CONVERSION = YES;
				CLANG_WARN_INFINITE_RECURSION = YES;
				CLANG_WARN_INT_CONVERSION = YES;
				CLANG_WARN_NON_LITERAL_NULL_CONVERSION = YES;
				CLANG_WARN_OBJC_IMPLICIT_RETAIN_SELF = YES;
				CLANG_WARN_OBJC_LITERAL_CONVERSION = YES;
				CLANG_WARN_OBJC_ROOT_CLASS = YES_ERROR;
				CLANG_WARN_RANGE_LOOP_ANALYSIS = YES;
				CLANG_WARN_STRICT_PROTOTYPES = YES;
				CLANG_WARN_SUSPICIOUS_MOVE = YES;
				CLANG_WARN_UNGUARDED_AVAILABILITY = YES_AGGRESSIVE;
				CLANG_WARN_UNREACHABLE_CODE = YES;
				CLANG_WARN__DUPLICATE_METHOD_MATCH = YES;
				CODE_SIGN_IDENTITY = "iPhone Developer";
				COPY_PHASE_STRIP = NO;
				DEBUG_INFORMATION_FORMAT = "dwarf-with-dsym";
				ENABLE_NS_ASSERTIONS = NO;
				ENABLE_STRICT_OBJC_MSGSEND = YES;
				GCC_C_LANGUAGE_STANDARD = gnu11;
				GCC_NO_COMMON_BLOCKS = YES;
				GCC_WARN_64_TO_32_BIT_CONVERSION = YES;
				GCC_WARN_ABOUT_RETURN_TYPE = YES_ERROR;
				GCC_WARN_UNDECLARED_SELECTOR = YES;
				GCC_WARN_UNINITIALIZED_AUTOS = YES_AGGRESSIVE;
				GCC_WARN_UNUSED_FUNCTION = YES;
				GCC_WARN_UNUSED_VARIABLE = YES;
				IPHONEOS_DEPLOYMENT_TARGET = 12.4;
				MTL_ENABLE_DEBUG_INFO = NO;
				MTL_FAST_MATH = YES;
				SDKROOT = iphoneos;
				SWIFT_COMPILATION_MODE = wholemodule;
				SWIFT_OPTIMIZATION_LEVEL = "-O";
				VALIDATE_PRODUCT = YES;
			};
			name = Release;
		};
		6533807A232E70A10031C423 /* Debug */ = {
			isa = XCBuildConfiguration;
			buildSettings = {
				ASSETCATALOG_COMPILER_APPICON_NAME = AppIcon;
				CODE_SIGN_STYLE = Automatic;
				DEVELOPMENT_TEAM = P7PUGAUP8K;
				INFOPLIST_FILE = "Covey-iOS/Info.plist";
				LD_RUNPATH_SEARCH_PATHS = (
					"$(inherited)",
					"@executable_path/Frameworks",
				);
				PRODUCT_BUNDLE_IDENTIFIER = "com.KakaoTocs.kr.Covey-iOS";
				PRODUCT_NAME = "$(TARGET_NAME)";
				SWIFT_VERSION = 5.0;
				TARGETED_DEVICE_FAMILY = "1,2";
			};
			name = Debug;
		};
		6533807B232E70A10031C423 /* Release */ = {
			isa = XCBuildConfiguration;
			buildSettings = {
				ASSETCATALOG_COMPILER_APPICON_NAME = AppIcon;
				CODE_SIGN_STYLE = Automatic;
				DEVELOPMENT_TEAM = P7PUGAUP8K;
				INFOPLIST_FILE = "Covey-iOS/Info.plist";
				LD_RUNPATH_SEARCH_PATHS = (
					"$(inherited)",
					"@executable_path/Frameworks",
				);
				PRODUCT_BUNDLE_IDENTIFIER = "com.KakaoTocs.kr.Covey-iOS";
				PRODUCT_NAME = "$(TARGET_NAME)";
				SWIFT_VERSION = 5.0;
				TARGETED_DEVICE_FAMILY = "1,2";
			};
			name = Release;
		};
/* End XCBuildConfiguration section */

/* Begin XCConfigurationList section */
		65338062232E70A00031C423 /* Build configuration list for PBXProject "Covey-iOS" */ = {
			isa = XCConfigurationList;
			buildConfigurations = (
				65338077232E70A10031C423 /* Debug */,
				65338078232E70A10031C423 /* Release */,
			);
			defaultConfigurationIsVisible = 0;
			defaultConfigurationName = Release;
		};
		65338079232E70A10031C423 /* Build configuration list for PBXNativeTarget "Covey-iOS" */ = {
			isa = XCConfigurationList;
			buildConfigurations = (
				6533807A232E70A10031C423 /* Debug */,
				6533807B232E70A10031C423 /* Release */,
			);
			defaultConfigurationIsVisible = 0;
			defaultConfigurationName = Release;
		};
/* End XCConfigurationList section */

/* Begin XCRemoteSwiftPackageReference section */
		65853635232FD5A70041E959 /* XCRemoteSwiftPackageReference "Alamofire" */ = {
			isa = XCRemoteSwiftPackageReference;
			repositoryURL = "https://github.com/Alamofire/Alamofire.git";
			requirement = {
				branch = master;
				kind = branch;
			};
		};
		659C834F233123B50062D62D /* XCRemoteSwiftPackageReference "SDWebImage" */ = {
			isa = XCRemoteSwiftPackageReference;
			repositoryURL = "https://github.com/SDWebImage/SDWebImage.git";
			requirement = {
				kind = exactVersion;
				version = 5.1.1;
			};
		};
/* End XCRemoteSwiftPackageReference section */

/* Begin XCSwiftPackageProductDependency section */
		65853636232FD5A70041E959 /* Alamofire */ = {
			isa = XCSwiftPackageProductDependency;
			package = 65853635232FD5A70041E959 /* XCRemoteSwiftPackageReference "Alamofire" */;
			productName = Alamofire;
		};
		659C8350233123B50062D62D /* SDWebImage */ = {
			isa = XCSwiftPackageProductDependency;
			package = 659C834F233123B50062D62D /* XCRemoteSwiftPackageReference "SDWebImage" */;
			productName = SDWebImage;
		};
/* End XCSwiftPackageProductDependency section */
	};
	rootObject = 6533805F232E70A00031C423 /* Project object */;
}
